// !$*UTF8*$!
{
	archiveVersion = 1;
	classes = {
	};
	objectVersion = 56;
	objects = {

/* Begin PBXBuildFile section */
		5B5411C12A61389F00A024E8 /* ChatScreen.swift in Sources */ = {isa = PBXBuildFile; fileRef = 5B5411C02A61389F00A024E8 /* ChatScreen.swift */; };
		5B5411C32A61566C00A024E8 /* MessageField.swift in Sources */ = {isa = PBXBuildFile; fileRef = 5B5411C22A61566C00A024E8 /* MessageField.swift */; };
		5B5411C52A6159EC00A024E8 /* MessageBubble.swift in Sources */ = {isa = PBXBuildFile; fileRef = 5B5411C42A6159EC00A024E8 /* MessageBubble.swift */; };
		5B5411C72A615A6700A024E8 /* Message.swift in Sources */ = {isa = PBXBuildFile; fileRef = 5B5411C62A615A6700A024E8 /* Message.swift */; };
		5B5411C92A61708600A024E8 /* AppIcon.swift in Sources */ = {isa = PBXBuildFile; fileRef = 5B5411C82A61708600A024E8 /* AppIcon.swift */; };
		5B5411CC2A6188BE00A024E8 /* CreateCounterScreen.swift in Sources */ = {isa = PBXBuildFile; fileRef = 5B5411CB2A6188BE00A024E8 /* CreateCounterScreen.swift */; };
		5B5411D12A61B3D800A024E8 /* UserIconWithOverlay.swift in Sources */ = {isa = PBXBuildFile; fileRef = 5B5411D02A61B3D800A024E8 /* UserIconWithOverlay.swift */; };
		5B5411D32A61BBAB00A024E8 /* LineSeparator.swift in Sources */ = {isa = PBXBuildFile; fileRef = 5B5411D22A61BBAB00A024E8 /* LineSeparator.swift */; };
		5B5411D52A61E62800A024E8 /* Counter.swift in Sources */ = {isa = PBXBuildFile; fileRef = 5B5411D42A61E62800A024E8 /* Counter.swift */; };
		5B5411D72A61EA2B00A024E8 /* CounterViewModel.swift in Sources */ = {isa = PBXBuildFile; fileRef = 5B5411D62A61EA2B00A024E8 /* CounterViewModel.swift */; };
		5B5411DF2A62E2D700A024E8 /* ProfileViewModel.swift in Sources */ = {isa = PBXBuildFile; fileRef = 5B5411DE2A62E2D700A024E8 /* ProfileViewModel.swift */; };
		5B5411E22A62EBC400A024E8 /* AccountDetailField.swift in Sources */ = {isa = PBXBuildFile; fileRef = 5B5411E12A62EBC400A024E8 /* AccountDetailField.swift */; };
		5B5411E42A62EDC300A024E8 /* ChatsViewModel.swift in Sources */ = {isa = PBXBuildFile; fileRef = 5B5411E32A62EDC300A024E8 /* ChatsViewModel.swift */; };
		5B5411E62A630C7B00A024E8 /* Chat.swift in Sources */ = {isa = PBXBuildFile; fileRef = 5B5411E52A630C7B00A024E8 /* Chat.swift */; };
		5B5411E82A631CC800A024E8 /* User.swift in Sources */ = {isa = PBXBuildFile; fileRef = 5B5411E72A631CC800A024E8 /* User.swift */; };
		5B5411F32A63207800A024E8 /* ChatsModel.swift in Sources */ = {isa = PBXBuildFile; fileRef = 5B5411F22A63207800A024E8 /* ChatsModel.swift */; };
		5B5411F52A63220000A024E8 /* AuthenticationViewModel.swift in Sources */ = {isa = PBXBuildFile; fileRef = 5B5411F42A63220000A024E8 /* AuthenticationViewModel.swift */; };
		5B8186C92A60552A0093853D /* MessagePreview.swift in Sources */ = {isa = PBXBuildFile; fileRef = 5B8186C82A60552A0093853D /* MessagePreview.swift */; };
		5B8186CB2A60994F0093853D /* ActiveUserIcon.swift in Sources */ = {isa = PBXBuildFile; fileRef = 5B8186CA2A60994F0093853D /* ActiveUserIcon.swift */; };
		5B8F31DD2A5027FC001F92B8 /* ThriviaApp.swift in Sources */ = {isa = PBXBuildFile; fileRef = 5B8F31DC2A5027FC001F92B8 /* ThriviaApp.swift */; };
		5B8F31DF2A5027FC001F92B8 /* ContentView.swift in Sources */ = {isa = PBXBuildFile; fileRef = 5B8F31DE2A5027FC001F92B8 /* ContentView.swift */; };
		5B8F31E12A5027FE001F92B8 /* Assets.xcassets in Resources */ = {isa = PBXBuildFile; fileRef = 5B8F31E02A5027FE001F92B8 /* Assets.xcassets */; };
		5B8F31E42A5027FE001F92B8 /* Preview Assets.xcassets in Resources */ = {isa = PBXBuildFile; fileRef = 5B8F31E32A5027FE001F92B8 /* Preview Assets.xcassets */; };
		5B9792D72A632AD800F078C6 /* AuthenticationModel.swift in Sources */ = {isa = PBXBuildFile; fileRef = 5B9792D62A632AD800F078C6 /* AuthenticationModel.swift */; };
		5B9792DB2A63D31100F078C6 /* CounterModel.swift in Sources */ = {isa = PBXBuildFile; fileRef = 5B9792DA2A63D31100F078C6 /* CounterModel.swift */; };
		5B9792DD2A63D32E00F078C6 /* ProfileModel.swift in Sources */ = {isa = PBXBuildFile; fileRef = 5B9792DC2A63D32E00F078C6 /* ProfileModel.swift */; };
		5B9792E32A63FCC600F078C6 /* OtherUser.swift in Sources */ = {isa = PBXBuildFile; fileRef = 5B9792E22A63FCC600F078C6 /* OtherUser.swift */; };
		5BC6FDE12A5DD7E1006459F8 /* AuthenticationScreen.swift in Sources */ = {isa = PBXBuildFile; fileRef = 5BC6FDE02A5DD7E1006459F8 /* AuthenticationScreen.swift */; };
		5BC6FDE32A5E9CEE006459F8 /* Montserrat.ttf in Resources */ = {isa = PBXBuildFile; fileRef = 5BC6FDE22A5E9CEE006459F8 /* Montserrat.ttf */; };
		5BC6FDEE2A5EA34A006459F8 /* LoginScreen.swift in Sources */ = {isa = PBXBuildFile; fileRef = 5BC6FDED2A5EA34A006459F8 /* LoginScreen.swift */; };
		5BC6FDF22A5EA7E5006459F8 /* ActionButton.swift in Sources */ = {isa = PBXBuildFile; fileRef = 5BC6FDF12A5EA7E5006459F8 /* ActionButton.swift */; };
		5BC6FDF42A5EA84E006459F8 /* InputField.swift in Sources */ = {isa = PBXBuildFile; fileRef = 5BC6FDF32A5EA84E006459F8 /* InputField.swift */; };
		5BC6FDF62A5EACB2006459F8 /* RegisterScreen.swift in Sources */ = {isa = PBXBuildFile; fileRef = 5BC6FDF52A5EACB2006459F8 /* RegisterScreen.swift */; };
		5BC6FDF82A5EADA8006459F8 /* NavigationTab.swift in Sources */ = {isa = PBXBuildFile; fileRef = 5BC6FDF72A5EADA8006459F8 /* NavigationTab.swift */; };
		5BC6FDFB2A5EB372006459F8 /* AllChatsScreen.swift in Sources */ = {isa = PBXBuildFile; fileRef = 5BC6FDFA2A5EB372006459F8 /* AllChatsScreen.swift */; };
		5BC6FDFD2A5EB399006459F8 /* ProfileScreen.swift in Sources */ = {isa = PBXBuildFile; fileRef = 5BC6FDFC2A5EB399006459F8 /* ProfileScreen.swift */; };
		5BC6FDFF2A5EB3A6006459F8 /* ProgressScreen.swift in Sources */ = {isa = PBXBuildFile; fileRef = 5BC6FDFE2A5EB3A6006459F8 /* ProgressScreen.swift */; };
		5BC6FE052A5FE1B1006459F8 /* ButtonAppearance.swift in Sources */ = {isa = PBXBuildFile; fileRef = 5BC6FE042A5FE1B1006459F8 /* ButtonAppearance.swift */; };
		5BC6FE072A60508C006459F8 /* TimeDisplay.swift in Sources */ = {isa = PBXBuildFile; fileRef = 5BC6FE062A60508C006459F8 /* TimeDisplay.swift */; };
		5BC6FE092A6050DB006459F8 /* UserIcon.swift in Sources */ = {isa = PBXBuildFile; fileRef = 5BC6FE082A6050DB006459F8 /* UserIcon.swift */; };
/* End PBXBuildFile section */

/* Begin PBXFileReference section */
		5B5411C02A61389F00A024E8 /* ChatScreen.swift */ = {isa = PBXFileReference; lastKnownFileType = sourcecode.swift; path = ChatScreen.swift; sourceTree = "<group>"; };
		5B5411C22A61566C00A024E8 /* MessageField.swift */ = {isa = PBXFileReference; lastKnownFileType = sourcecode.swift; path = MessageField.swift; sourceTree = "<group>"; };
		5B5411C42A6159EC00A024E8 /* MessageBubble.swift */ = {isa = PBXFileReference; lastKnownFileType = sourcecode.swift; path = MessageBubble.swift; sourceTree = "<group>"; };
		5B5411C62A615A6700A024E8 /* Message.swift */ = {isa = PBXFileReference; lastKnownFileType = sourcecode.swift; path = Message.swift; sourceTree = "<group>"; };
		5B5411C82A61708600A024E8 /* AppIcon.swift */ = {isa = PBXFileReference; lastKnownFileType = sourcecode.swift; path = AppIcon.swift; sourceTree = "<group>"; };
		5B5411CB2A6188BE00A024E8 /* CreateCounterScreen.swift */ = {isa = PBXFileReference; lastKnownFileType = sourcecode.swift; path = CreateCounterScreen.swift; sourceTree = "<group>"; };
		5B5411D02A61B3D800A024E8 /* UserIconWithOverlay.swift */ = {isa = PBXFileReference; lastKnownFileType = sourcecode.swift; path = UserIconWithOverlay.swift; sourceTree = "<group>"; };
		5B5411D22A61BBAB00A024E8 /* LineSeparator.swift */ = {isa = PBXFileReference; lastKnownFileType = sourcecode.swift; path = LineSeparator.swift; sourceTree = "<group>"; };
		5B5411D42A61E62800A024E8 /* Counter.swift */ = {isa = PBXFileReference; lastKnownFileType = sourcecode.swift; path = Counter.swift; sourceTree = "<group>"; };
		5B5411D62A61EA2B00A024E8 /* CounterViewModel.swift */ = {isa = PBXFileReference; lastKnownFileType = sourcecode.swift; path = CounterViewModel.swift; sourceTree = "<group>"; };
		5B5411DE2A62E2D700A024E8 /* ProfileViewModel.swift */ = {isa = PBXFileReference; lastKnownFileType = sourcecode.swift; path = ProfileViewModel.swift; sourceTree = "<group>"; };
		5B5411E12A62EBC400A024E8 /* AccountDetailField.swift */ = {isa = PBXFileReference; lastKnownFileType = sourcecode.swift; path = AccountDetailField.swift; sourceTree = "<group>"; };
		5B5411E32A62EDC300A024E8 /* ChatsViewModel.swift */ = {isa = PBXFileReference; lastKnownFileType = sourcecode.swift; path = ChatsViewModel.swift; sourceTree = "<group>"; };
		5B5411E52A630C7B00A024E8 /* Chat.swift */ = {isa = PBXFileReference; lastKnownFileType = sourcecode.swift; path = Chat.swift; sourceTree = "<group>"; };
		5B5411E72A631CC800A024E8 /* User.swift */ = {isa = PBXFileReference; lastKnownFileType = sourcecode.swift; path = User.swift; sourceTree = "<group>"; };
		5B5411F22A63207800A024E8 /* ChatsModel.swift */ = {isa = PBXFileReference; lastKnownFileType = sourcecode.swift; path = ChatsModel.swift; sourceTree = "<group>"; };
		5B5411F42A63220000A024E8 /* AuthenticationViewModel.swift */ = {isa = PBXFileReference; lastKnownFileType = sourcecode.swift; path = AuthenticationViewModel.swift; sourceTree = "<group>"; };
		5B8186C82A60552A0093853D /* MessagePreview.swift */ = {isa = PBXFileReference; lastKnownFileType = sourcecode.swift; path = MessagePreview.swift; sourceTree = "<group>"; };
		5B8186CA2A60994F0093853D /* ActiveUserIcon.swift */ = {isa = PBXFileReference; lastKnownFileType = sourcecode.swift; path = ActiveUserIcon.swift; sourceTree = "<group>"; };
		5B8F31D92A5027FC001F92B8 /* Thrivia.app */ = {isa = PBXFileReference; explicitFileType = wrapper.application; includeInIndex = 0; path = Thrivia.app; sourceTree = BUILT_PRODUCTS_DIR; };
		5B8F31DC2A5027FC001F92B8 /* ThriviaApp.swift */ = {isa = PBXFileReference; lastKnownFileType = sourcecode.swift; path = ThriviaApp.swift; sourceTree = "<group>"; };
		5B8F31DE2A5027FC001F92B8 /* ContentView.swift */ = {isa = PBXFileReference; lastKnownFileType = sourcecode.swift; path = ContentView.swift; sourceTree = "<group>"; };
		5B8F31E02A5027FE001F92B8 /* Assets.xcassets */ = {isa = PBXFileReference; lastKnownFileType = folder.assetcatalog; path = Assets.xcassets; sourceTree = "<group>"; };
		5B8F31E32A5027FE001F92B8 /* Preview Assets.xcassets */ = {isa = PBXFileReference; lastKnownFileType = folder.assetcatalog; path = "Preview Assets.xcassets"; sourceTree = "<group>"; };
		5B9792D62A632AD800F078C6 /* AuthenticationModel.swift */ = {isa = PBXFileReference; lastKnownFileType = sourcecode.swift; path = AuthenticationModel.swift; sourceTree = "<group>"; };
		5B9792DA2A63D31100F078C6 /* CounterModel.swift */ = {isa = PBXFileReference; lastKnownFileType = sourcecode.swift; path = CounterModel.swift; sourceTree = "<group>"; };
		5B9792DC2A63D32E00F078C6 /* ProfileModel.swift */ = {isa = PBXFileReference; lastKnownFileType = sourcecode.swift; path = ProfileModel.swift; sourceTree = "<group>"; };
		5B9792E22A63FCC600F078C6 /* OtherUser.swift */ = {isa = PBXFileReference; lastKnownFileType = sourcecode.swift; path = OtherUser.swift; sourceTree = "<group>"; };
		5BC6FDDC2A5DCAE0006459F8 /* Info.plist */ = {isa = PBXFileReference; lastKnownFileType = text.plist; path = Info.plist; sourceTree = "<group>"; };
		5BC6FDE02A5DD7E1006459F8 /* AuthenticationScreen.swift */ = {isa = PBXFileReference; lastKnownFileType = sourcecode.swift; path = AuthenticationScreen.swift; sourceTree = "<group>"; };
		5BC6FDE22A5E9CEE006459F8 /* Montserrat.ttf */ = {isa = PBXFileReference; lastKnownFileType = file; path = Montserrat.ttf; sourceTree = "<group>"; };
		5BC6FDED2A5EA34A006459F8 /* LoginScreen.swift */ = {isa = PBXFileReference; lastKnownFileType = sourcecode.swift; path = LoginScreen.swift; sourceTree = "<group>"; };
		5BC6FDF12A5EA7E5006459F8 /* ActionButton.swift */ = {isa = PBXFileReference; lastKnownFileType = sourcecode.swift; path = ActionButton.swift; sourceTree = "<group>"; };
		5BC6FDF32A5EA84E006459F8 /* InputField.swift */ = {isa = PBXFileReference; lastKnownFileType = sourcecode.swift; path = InputField.swift; sourceTree = "<group>"; };
		5BC6FDF52A5EACB2006459F8 /* RegisterScreen.swift */ = {isa = PBXFileReference; lastKnownFileType = sourcecode.swift; path = RegisterScreen.swift; sourceTree = "<group>"; };
		5BC6FDF72A5EADA8006459F8 /* NavigationTab.swift */ = {isa = PBXFileReference; lastKnownFileType = sourcecode.swift; path = NavigationTab.swift; sourceTree = "<group>"; };
		5BC6FDFA2A5EB372006459F8 /* AllChatsScreen.swift */ = {isa = PBXFileReference; lastKnownFileType = sourcecode.swift; path = AllChatsScreen.swift; sourceTree = "<group>"; };
		5BC6FDFC2A5EB399006459F8 /* ProfileScreen.swift */ = {isa = PBXFileReference; lastKnownFileType = sourcecode.swift; path = ProfileScreen.swift; sourceTree = "<group>"; };
		5BC6FDFE2A5EB3A6006459F8 /* ProgressScreen.swift */ = {isa = PBXFileReference; lastKnownFileType = sourcecode.swift; path = ProgressScreen.swift; sourceTree = "<group>"; };
		5BC6FE042A5FE1B1006459F8 /* ButtonAppearance.swift */ = {isa = PBXFileReference; lastKnownFileType = sourcecode.swift; path = ButtonAppearance.swift; sourceTree = "<group>"; };
		5BC6FE062A60508C006459F8 /* TimeDisplay.swift */ = {isa = PBXFileReference; lastKnownFileType = sourcecode.swift; path = TimeDisplay.swift; sourceTree = "<group>"; };
		5BC6FE082A6050DB006459F8 /* UserIcon.swift */ = {isa = PBXFileReference; lastKnownFileType = sourcecode.swift; path = UserIcon.swift; sourceTree = "<group>"; };
/* End PBXFileReference section */

/* Begin PBXFrameworksBuildPhase section */
		5B8F31D62A5027FC001F92B8 /* Frameworks */ = {
			isa = PBXFrameworksBuildPhase;
			buildActionMask = 2147483647;
			files = (
			);
			runOnlyForDeploymentPostprocessing = 0;
		};
/* End PBXFrameworksBuildPhase section */

/* Begin PBXGroup section */
		5B5411CA2A617AC700A024E8 /* Chat */ = {
			isa = PBXGroup;
			children = (
				5B5411C02A61389F00A024E8 /* ChatScreen.swift */,
				5B5411C42A6159EC00A024E8 /* MessageBubble.swift */,
				5B5411C22A61566C00A024E8 /* MessageField.swift */,
			);
			path = Chat;
			sourceTree = "<group>";
		};
		5B5411CD2A6188CD00A024E8 /* CounterCreation */ = {
			isa = PBXGroup;
			children = (
				5B5411CB2A6188BE00A024E8 /* CreateCounterScreen.swift */,
			);
			path = CounterCreation;
			sourceTree = "<group>";
		};
		5B5411E02A62E4ED00A024E8 /* TabNavigation */ = {
			isa = PBXGroup;
			children = (
				5BC6FDF72A5EADA8006459F8 /* NavigationTab.swift */,
				5BC6FDE42A5EA27C006459F8 /* Authentication */,
				5BC6FDE72A5EA2B4006459F8 /* Progress */,
				5BC6FDE82A5EA2BD006459F8 /* Profile */,
				5BC6FDE92A5EA2C9006459F8 /* AllChats */,
			);
			path = TabNavigation;
			sourceTree = "<group>";
		};
		5B8F31D02A5027FC001F92B8 = {
			isa = PBXGroup;
			children = (
				5B8F31DB2A5027FC001F92B8 /* Thrivia */,
				5B8F31DA2A5027FC001F92B8 /* Products */,
			);
			sourceTree = "<group>";
		};
		5B8F31DA2A5027FC001F92B8 /* Products */ = {
			isa = PBXGroup;
			children = (
				5B8F31D92A5027FC001F92B8 /* Thrivia.app */,
			);
			name = Products;
			sourceTree = "<group>";
		};
		5B8F31DB2A5027FC001F92B8 /* Thrivia */ = {
			isa = PBXGroup;
			children = (
				5BC6FDE22A5E9CEE006459F8 /* Montserrat.ttf */,
				5BC6FDDF2A5DD6DD006459F8 /* ViewModels */,
				5BC6FDDE2A5DD6CD006459F8 /* Views */,
				5BC6FDDD2A5DD6BF006459F8 /* Models */,
				5BC6FDDC2A5DCAE0006459F8 /* Info.plist */,
				5B8F31DC2A5027FC001F92B8 /* ThriviaApp.swift */,
				5B8F31E02A5027FE001F92B8 /* Assets.xcassets */,
				5B8F31E22A5027FE001F92B8 /* Preview Content */,
			);
			path = Thrivia;
			sourceTree = "<group>";
		};
		5B8F31E22A5027FE001F92B8 /* Preview Content */ = {
			isa = PBXGroup;
			children = (
				5B8F31E32A5027FE001F92B8 /* Preview Assets.xcassets */,
			);
			path = "Preview Content";
			sourceTree = "<group>";
		};
		5B9792D82A63D2E300F078C6 /* Structures */ = {
			isa = PBXGroup;
			children = (
				5B5411C62A615A6700A024E8 /* Message.swift */,
				5B5411D42A61E62800A024E8 /* Counter.swift */,
				5B5411E52A630C7B00A024E8 /* Chat.swift */,
				5B5411E72A631CC800A024E8 /* User.swift */,
				5B9792E22A63FCC600F078C6 /* OtherUser.swift */,
			);
			path = Structures;
			sourceTree = "<group>";
		};
		5B9792D92A63D2FB00F078C6 /* Database */ = {
			isa = PBXGroup;
			children = (
				5B9792D62A632AD800F078C6 /* AuthenticationModel.swift */,
				5B5411F22A63207800A024E8 /* ChatsModel.swift */,
				5B9792DA2A63D31100F078C6 /* CounterModel.swift */,
				5B9792DC2A63D32E00F078C6 /* ProfileModel.swift */,
			);
			path = Database;
			sourceTree = "<group>";
		};
		5BC6FDDD2A5DD6BF006459F8 /* Models */ = {
			isa = PBXGroup;
			children = (
				5B9792D92A63D2FB00F078C6 /* Database */,
				5B9792D82A63D2E300F078C6 /* Structures */,
			);
			path = Models;
			sourceTree = "<group>";
		};
		5BC6FDDE2A5DD6CD006459F8 /* Views */ = {
			isa = PBXGroup;
			children = (
				5B5411E02A62E4ED00A024E8 /* TabNavigation */,
				5BC6FDEC2A5EA31E006459F8 /* Common */,
				5B8F31DE2A5027FC001F92B8 /* ContentView.swift */,
			);
			path = Views;
			sourceTree = "<group>";
		};
		5BC6FDDF2A5DD6DD006459F8 /* ViewModels */ = {
			isa = PBXGroup;
			children = (
				5B5411D62A61EA2B00A024E8 /* CounterViewModel.swift */,
				5B5411DE2A62E2D700A024E8 /* ProfileViewModel.swift */,
				5B5411E32A62EDC300A024E8 /* ChatsViewModel.swift */,
				5B5411F42A63220000A024E8 /* AuthenticationViewModel.swift */,
			);
			path = ViewModels;
			sourceTree = "<group>";
		};
		5BC6FDE42A5EA27C006459F8 /* Authentication */ = {
			isa = PBXGroup;
			children = (
				5BC6FDE62A5EA298006459F8 /* Register */,
				5BC6FDE52A5EA28F006459F8 /* Login */,
				5BC6FDE02A5DD7E1006459F8 /* AuthenticationScreen.swift */,
			);
			path = Authentication;
			sourceTree = "<group>";
		};
		5BC6FDE52A5EA28F006459F8 /* Login */ = {
			isa = PBXGroup;
			children = (
				5BC6FDED2A5EA34A006459F8 /* LoginScreen.swift */,
			);
			path = Login;
			sourceTree = "<group>";
		};
		5BC6FDE62A5EA298006459F8 /* Register */ = {
			isa = PBXGroup;
			children = (
				5BC6FDF52A5EACB2006459F8 /* RegisterScreen.swift */,
			);
			path = Register;
			sourceTree = "<group>";
		};
		5BC6FDE72A5EA2B4006459F8 /* Progress */ = {
			isa = PBXGroup;
			children = (
				5BC6FDFE2A5EB3A6006459F8 /* ProgressScreen.swift */,
				5BC6FE062A60508C006459F8 /* TimeDisplay.swift */,
				5B5411CD2A6188CD00A024E8 /* CounterCreation */,
			);
			path = Progress;
			sourceTree = "<group>";
		};
		5BC6FDE82A5EA2BD006459F8 /* Profile */ = {
			isa = PBXGroup;
			children = (
				5BC6FDFC2A5EB399006459F8 /* ProfileScreen.swift */,
				5B5411E12A62EBC400A024E8 /* AccountDetailField.swift */,
			);
			path = Profile;
			sourceTree = "<group>";
		};
		5BC6FDE92A5EA2C9006459F8 /* AllChats */ = {
			isa = PBXGroup;
			children = (
				5B5411CA2A617AC700A024E8 /* Chat */,
				5BC6FE082A6050DB006459F8 /* UserIcon.swift */,
				5BC6FDFA2A5EB372006459F8 /* AllChatsScreen.swift */,
				5B8186C82A60552A0093853D /* MessagePreview.swift */,
				5B8186CA2A60994F0093853D /* ActiveUserIcon.swift */,
			);
			path = AllChats;
			sourceTree = "<group>";
		};
		5BC6FDEC2A5EA31E006459F8 /* Common */ = {
			isa = PBXGroup;
			children = (
				5BC6FDF12A5EA7E5006459F8 /* ActionButton.swift */,
				5BC6FDF32A5EA84E006459F8 /* InputField.swift */,
				5BC6FE042A5FE1B1006459F8 /* ButtonAppearance.swift */,
				5B5411C82A61708600A024E8 /* AppIcon.swift */,
				5B5411D02A61B3D800A024E8 /* UserIconWithOverlay.swift */,
				5B5411D22A61BBAB00A024E8 /* LineSeparator.swift */,
			);
			path = Common;
			sourceTree = "<group>";
		};
/* End PBXGroup section */

/* Begin PBXNativeTarget section */
		5B8F31D82A5027FC001F92B8 /* Thrivia */ = {
			isa = PBXNativeTarget;
			buildConfigurationList = 5B8F31E72A5027FE001F92B8 /* Build configuration list for PBXNativeTarget "Thrivia" */;
			buildPhases = (
				5B8F31D52A5027FC001F92B8 /* Sources */,
				5B8F31D62A5027FC001F92B8 /* Frameworks */,
				5B8F31D72A5027FC001F92B8 /* Resources */,
			);
			buildRules = (
			);
			dependencies = (
			);
			name = Thrivia;
			productName = Thrivia;
			productReference = 5B8F31D92A5027FC001F92B8 /* Thrivia.app */;
			productType = "com.apple.product-type.application";
		};
/* End PBXNativeTarget section */

/* Begin PBXProject section */
		5B8F31D12A5027FC001F92B8 /* Project object */ = {
			isa = PBXProject;
			attributes = {
				BuildIndependentTargetsInParallel = 1;
				LastSwiftUpdateCheck = 1430;
				LastUpgradeCheck = 1430;
				TargetAttributes = {
					5B8F31D82A5027FC001F92B8 = {
						CreatedOnToolsVersion = 14.3.1;
					};
				};
			};
			buildConfigurationList = 5B8F31D42A5027FC001F92B8 /* Build configuration list for PBXProject "Thrivia" */;
			compatibilityVersion = "Xcode 14.0";
			developmentRegion = en;
			hasScannedForEncodings = 0;
			knownRegions = (
				en,
				Base,
			);
			mainGroup = 5B8F31D02A5027FC001F92B8;
			productRefGroup = 5B8F31DA2A5027FC001F92B8 /* Products */;
			projectDirPath = "";
			projectRoot = "";
			targets = (
				5B8F31D82A5027FC001F92B8 /* Thrivia */,
			);
		};
/* End PBXProject section */

/* Begin PBXResourcesBuildPhase section */
		5B8F31D72A5027FC001F92B8 /* Resources */ = {
			isa = PBXResourcesBuildPhase;
			buildActionMask = 2147483647;
			files = (
				5B8F31E42A5027FE001F92B8 /* Preview Assets.xcassets in Resources */,
				5BC6FDE32A5E9CEE006459F8 /* Montserrat.ttf in Resources */,
				5B8F31E12A5027FE001F92B8 /* Assets.xcassets in Resources */,
			);
			runOnlyForDeploymentPostprocessing = 0;
		};
/* End PBXResourcesBuildPhase section */

/* Begin PBXSourcesBuildPhase section */
		5B8F31D52A5027FC001F92B8 /* Sources */ = {
			isa = PBXSourcesBuildPhase;
			buildActionMask = 2147483647;
			files = (
				5BC6FE052A5FE1B1006459F8 /* ButtonAppearance.swift in Sources */,
				5B8186C92A60552A0093853D /* MessagePreview.swift in Sources */,
				5BC6FE092A6050DB006459F8 /* UserIcon.swift in Sources */,
				5B5411C12A61389F00A024E8 /* ChatScreen.swift in Sources */,
				5B5411E82A631CC800A024E8 /* User.swift in Sources */,
				5B8186CB2A60994F0093853D /* ActiveUserIcon.swift in Sources */,
				5B5411DF2A62E2D700A024E8 /* ProfileViewModel.swift in Sources */,
				5BC6FDFF2A5EB3A6006459F8 /* ProgressScreen.swift in Sources */,
				5B9792D72A632AD800F078C6 /* AuthenticationModel.swift in Sources */,
				5B5411E22A62EBC400A024E8 /* AccountDetailField.swift in Sources */,
				5B8F31DF2A5027FC001F92B8 /* ContentView.swift in Sources */,
				5B5411D32A61BBAB00A024E8 /* LineSeparator.swift in Sources */,
				5BC6FDE12A5DD7E1006459F8 /* AuthenticationScreen.swift in Sources */,
				5B9792E32A63FCC600F078C6 /* OtherUser.swift in Sources */,
				5BC6FE072A60508C006459F8 /* TimeDisplay.swift in Sources */,
				5B8F31DD2A5027FC001F92B8 /* ThriviaApp.swift in Sources */,
				5B5411D12A61B3D800A024E8 /* UserIconWithOverlay.swift in Sources */,
				5B5411C32A61566C00A024E8 /* MessageField.swift in Sources */,
				5B5411F52A63220000A024E8 /* AuthenticationViewModel.swift in Sources */,
				5B5411C92A61708600A024E8 /* AppIcon.swift in Sources */,
				5BC6FDF62A5EACB2006459F8 /* RegisterScreen.swift in Sources */,
				5B5411D52A61E62800A024E8 /* Counter.swift in Sources */,
				5B5411C52A6159EC00A024E8 /* MessageBubble.swift in Sources */,
				5B5411F32A63207800A024E8 /* ChatsModel.swift in Sources */,
				5B5411D72A61EA2B00A024E8 /* CounterViewModel.swift in Sources */,
				5BC6FDFB2A5EB372006459F8 /* AllChatsScreen.swift in Sources */,
				5BC6FDEE2A5EA34A006459F8 /* LoginScreen.swift in Sources */,
				5BC6FDF82A5EADA8006459F8 /* NavigationTab.swift in Sources */,
				5B9792DD2A63D32E00F078C6 /* ProfileModel.swift in Sources */,
				5B5411E42A62EDC300A024E8 /* ChatsViewModel.swift in Sources */,
				5BC6FDF22A5EA7E5006459F8 /* ActionButton.swift in Sources */,
				5B9792DB2A63D31100F078C6 /* CounterModel.swift in Sources */,
				5B5411C72A615A6700A024E8 /* Message.swift in Sources */,
				5BC6FDF42A5EA84E006459F8 /* InputField.swift in Sources */,
				5B5411CC2A6188BE00A024E8 /* CreateCounterScreen.swift in Sources */,
				5BC6FDFD2A5EB399006459F8 /* ProfileScreen.swift in Sources */,
				5B5411E62A630C7B00A024E8 /* Chat.swift in Sources */,
			);
			runOnlyForDeploymentPostprocessing = 0;
		};
/* End PBXSourcesBuildPhase section */

/* Begin XCBuildConfiguration section */
		5B8F31E52A5027FE001F92B8 /* Debug */ = {
			isa = XCBuildConfiguration;
			buildSettings = {
				ALWAYS_SEARCH_USER_PATHS = NO;
				CLANG_ANALYZER_NONNULL = YES;
				CLANG_ANALYZER_NUMBER_OBJECT_CONVERSION = YES_AGGRESSIVE;
				CLANG_CXX_LANGUAGE_STANDARD = "gnu++20";
				CLANG_ENABLE_MODULES = YES;
				CLANG_ENABLE_OBJC_ARC = YES;
				CLANG_ENABLE_OBJC_WEAK = YES;
				CLANG_WARN_BLOCK_CAPTURE_AUTORELEASING = YES;
				CLANG_WARN_BOOL_CONVERSION = YES;
				CLANG_WARN_COMMA = YES;
				CLANG_WARN_CONSTANT_CONVERSION = YES;
				CLANG_WARN_DEPRECATED_OBJC_IMPLEMENTATIONS = YES;
				CLANG_WARN_DIRECT_OBJC_ISA_USAGE = YES_ERROR;
				CLANG_WARN_DOCUMENTATION_COMMENTS = YES;
				CLANG_WARN_EMPTY_BODY = YES;
				CLANG_WARN_ENUM_CONVERSION = YES;
				CLANG_WARN_INFINITE_RECURSION = YES;
				CLANG_WARN_INT_CONVERSION = YES;
				CLANG_WARN_NON_LITERAL_NULL_CONVERSION = YES;
				CLANG_WARN_OBJC_IMPLICIT_RETAIN_SELF = YES;
				CLANG_WARN_OBJC_LITERAL_CONVERSION = YES;
				CLANG_WARN_OBJC_ROOT_CLASS = YES_ERROR;
				CLANG_WARN_QUOTED_INCLUDE_IN_FRAMEWORK_HEADER = YES;
				CLANG_WARN_RANGE_LOOP_ANALYSIS = YES;
				CLANG_WARN_STRICT_PROTOTYPES = YES;
				CLANG_WARN_SUSPICIOUS_MOVE = YES;
				CLANG_WARN_UNGUARDED_AVAILABILITY = YES_AGGRESSIVE;
				CLANG_WARN_UNREACHABLE_CODE = YES;
				CLANG_WARN__DUPLICATE_METHOD_MATCH = YES;
				COPY_PHASE_STRIP = NO;
				DEBUG_INFORMATION_FORMAT = dwarf;
				ENABLE_STRICT_OBJC_MSGSEND = YES;
				ENABLE_TESTABILITY = YES;
				GCC_C_LANGUAGE_STANDARD = gnu11;
				GCC_DYNAMIC_NO_PIC = NO;
				GCC_NO_COMMON_BLOCKS = YES;
				GCC_OPTIMIZATION_LEVEL = 0;
				GCC_PREPROCESSOR_DEFINITIONS = (
					"DEBUG=1",
					"$(inherited)",
				);
				GCC_WARN_64_TO_32_BIT_CONVERSION = YES;
				GCC_WARN_ABOUT_RETURN_TYPE = YES_ERROR;
				GCC_WARN_UNDECLARED_SELECTOR = YES;
				GCC_WARN_UNINITIALIZED_AUTOS = YES_AGGRESSIVE;
				GCC_WARN_UNUSED_FUNCTION = YES;
				GCC_WARN_UNUSED_VARIABLE = YES;
				IPHONEOS_DEPLOYMENT_TARGET = 16.4;
				MTL_ENABLE_DEBUG_INFO = INCLUDE_SOURCE;
				MTL_FAST_MATH = YES;
				ONLY_ACTIVE_ARCH = YES;
				SDKROOT = iphoneos;
				SWIFT_ACTIVE_COMPILATION_CONDITIONS = DEBUG;
				SWIFT_OPTIMIZATION_LEVEL = "-Onone";
			};
			name = Debug;
		};
		5B8F31E62A5027FE001F92B8 /* Release */ = {
			isa = XCBuildConfiguration;
			buildSettings = {
				ALWAYS_SEARCH_USER_PATHS = NO;
				CLANG_ANALYZER_NONNULL = YES;
				CLANG_ANALYZER_NUMBER_OBJECT_CONVERSION = YES_AGGRESSIVE;
				CLANG_CXX_LANGUAGE_STANDARD = "gnu++20";
				CLANG_ENABLE_MODULES = YES;
				CLANG_ENABLE_OBJC_ARC = YES;
				CLANG_ENABLE_OBJC_WEAK = YES;
				CLANG_WARN_BLOCK_CAPTURE_AUTORELEASING = YES;
				CLANG_WARN_BOOL_CONVERSION = YES;
				CLANG_WARN_COMMA = YES;
				CLANG_WARN_CONSTANT_CONVERSION = YES;
				CLANG_WARN_DEPRECATED_OBJC_IMPLEMENTATIONS = YES;
				CLANG_WARN_DIRECT_OBJC_ISA_USAGE = YES_ERROR;
				CLANG_WARN_DOCUMENTATION_COMMENTS = YES;
				CLANG_WARN_EMPTY_BODY = YES;
				CLANG_WARN_ENUM_CONVERSION = YES;
				CLANG_WARN_INFINITE_RECURSION = YES;
				CLANG_WARN_INT_CONVERSION = YES;
				CLANG_WARN_NON_LITERAL_NULL_CONVERSION = YES;
				CLANG_WARN_OBJC_IMPLICIT_RETAIN_SELF = YES;
				CLANG_WARN_OBJC_LITERAL_CONVERSION = YES;
				CLANG_WARN_OBJC_ROOT_CLASS = YES_ERROR;
				CLANG_WARN_QUOTED_INCLUDE_IN_FRAMEWORK_HEADER = YES;
				CLANG_WARN_RANGE_LOOP_ANALYSIS = YES;
				CLANG_WARN_STRICT_PROTOTYPES = YES;
				CLANG_WARN_SUSPICIOUS_MOVE = YES;
				CLANG_WARN_UNGUARDED_AVAILABILITY = YES_AGGRESSIVE;
				CLANG_WARN_UNREACHABLE_CODE = YES;
				CLANG_WARN__DUPLICATE_METHOD_MATCH = YES;
				COPY_PHASE_STRIP = NO;
				DEBUG_INFORMATION_FORMAT = "dwarf-with-dsym";
				ENABLE_NS_ASSERTIONS = NO;
				ENABLE_STRICT_OBJC_MSGSEND = YES;
				GCC_C_LANGUAGE_STANDARD = gnu11;
				GCC_NO_COMMON_BLOCKS = YES;
				GCC_WARN_64_TO_32_BIT_CONVERSION = YES;
				GCC_WARN_ABOUT_RETURN_TYPE = YES_ERROR;
				GCC_WARN_UNDECLARED_SELECTOR = YES;
				GCC_WARN_UNINITIALIZED_AUTOS = YES_AGGRESSIVE;
				GCC_WARN_UNUSED_FUNCTION = YES;
				GCC_WARN_UNUSED_VARIABLE = YES;
				IPHONEOS_DEPLOYMENT_TARGET = 16.4;
				MTL_ENABLE_DEBUG_INFO = NO;
				MTL_FAST_MATH = YES;
				SDKROOT = iphoneos;
				SWIFT_COMPILATION_MODE = wholemodule;
				SWIFT_OPTIMIZATION_LEVEL = "-O";
				VALIDATE_PRODUCT = YES;
			};
			name = Release;
		};
		5B8F31E82A5027FE001F92B8 /* Debug */ = {
			isa = XCBuildConfiguration;
			buildSettings = {
				ASSETCATALOG_COMPILER_APPICON_NAME = AppIcon;
				ASSETCATALOG_COMPILER_GLOBAL_ACCENT_COLOR_NAME = AccentColor;
				CODE_SIGN_STYLE = Automatic;
				CURRENT_PROJECT_VERSION = 1;
				DEVELOPMENT_ASSET_PATHS = "\"Thrivia/Preview Content\"";
				DEVELOPMENT_TEAM = JY26887NFX;
				ENABLE_PREVIEWS = YES;
				GENERATE_INFOPLIST_FILE = YES;
				INFOPLIST_FILE = Thrivia/Info.plist;
				INFOPLIST_KEY_UIApplicationSceneManifest_Generation = YES;
				INFOPLIST_KEY_UIApplicationSupportsIndirectInputEvents = YES;
				INFOPLIST_KEY_UISupportedInterfaceOrientations_iPad = "UIInterfaceOrientationPortrait UIInterfaceOrientationPortraitUpsideDown UIInterfaceOrientationLandscapeLeft UIInterfaceOrientationLandscapeRight";
				INFOPLIST_KEY_UISupportedInterfaceOrientations_iPhone = "UIInterfaceOrientationPortrait UIInterfaceOrientationLandscapeLeft UIInterfaceOrientationLandscapeRight";
				LD_RUNPATH_SEARCH_PATHS = (
					"$(inherited)",
					"@executable_path/Frameworks",
				);
				MARKETING_VERSION = 1.0;
				PRODUCT_BUNDLE_IDENTIFIER = com.ryanhenzellhill.Thrivia;
				PRODUCT_NAME = "$(TARGET_NAME)";
				SWIFT_EMIT_LOC_STRINGS = YES;
				SWIFT_VERSION = 5.0;
				TARGETED_DEVICE_FAMILY = "1,2";
			};
			name = Debug;
		};
		5B8F31E92A5027FE001F92B8 /* Release */ = {
			isa = XCBuildConfiguration;
			buildSettings = {
				ASSETCATALOG_COMPILER_APPICON_NAME = AppIcon;
				ASSETCATALOG_COMPILER_GLOBAL_ACCENT_COLOR_NAME = AccentColor;
				CODE_SIGN_STYLE = Automatic;
				CURRENT_PROJECT_VERSION = 1;
				DEVELOPMENT_ASSET_PATHS = "\"Thrivia/Preview Content\"";
				DEVELOPMENT_TEAM = JY26887NFX;
				ENABLE_PREVIEWS = YES;
				GENERATE_INFOPLIST_FILE = YES;
				INFOPLIST_FILE = Thrivia/Info.plist;
				INFOPLIST_KEY_UIApplicationSceneManifest_Generation = YES;
				INFOPLIST_KEY_UIApplicationSupportsIndirectInputEvents = YES;
				INFOPLIST_KEY_UISupportedInterfaceOrientations_iPad = "UIInterfaceOrientationPortrait UIInterfaceOrientationPortraitUpsideDown UIInterfaceOrientationLandscapeLeft UIInterfaceOrientationLandscapeRight";
				INFOPLIST_KEY_UISupportedInterfaceOrientations_iPhone = "UIInterfaceOrientationPortrait UIInterfaceOrientationLandscapeLeft UIInterfaceOrientationLandscapeRight";
				LD_RUNPATH_SEARCH_PATHS = (
					"$(inherited)",
					"@executable_path/Frameworks",
				);
				MARKETING_VERSION = 1.0;
				PRODUCT_BUNDLE_IDENTIFIER = com.ryanhenzellhill.Thrivia;
				PRODUCT_NAME = "$(TARGET_NAME)";
				SWIFT_EMIT_LOC_STRINGS = YES;
				SWIFT_VERSION = 5.0;
				TARGETED_DEVICE_FAMILY = "1,2";
			};
			name = Release;
		};
/* End XCBuildConfiguration section */

/* Begin XCConfigurationList section */
		5B8F31D42A5027FC001F92B8 /* Build configuration list for PBXProject "Thrivia" */ = {
			isa = XCConfigurationList;
			buildConfigurations = (
				5B8F31E52A5027FE001F92B8 /* Debug */,
				5B8F31E62A5027FE001F92B8 /* Release */,
			);
			defaultConfigurationIsVisible = 0;
			defaultConfigurationName = Release;
		};
		5B8F31E72A5027FE001F92B8 /* Build configuration list for PBXNativeTarget "Thrivia" */ = {
			isa = XCConfigurationList;
			buildConfigurations = (
				5B8F31E82A5027FE001F92B8 /* Debug */,
				5B8F31E92A5027FE001F92B8 /* Release */,
			);
			defaultConfigurationIsVisible = 0;
			defaultConfigurationName = Release;
		};
/* End XCConfigurationList section */
	};
	rootObject = 5B8F31D12A5027FC001F92B8 /* Project object */;
}
